
Microsoft Visual Studio Solution File, Format Version 12.00
# Visual Studio Version 17
VisualStudioVersion = 17.0.31903.59
MinimumVisualStudioVersion = 10.0.40219.1
Project("{FAE04EC0-301F-11D3-BF4B-00C04F79EFBC}") = "MYAPI", "MYAPI\MYAPI.csproj", "{D5153F3D-4715-4FAF-AE04-2D56017009AA}"
EndProject
Global
	GlobalSection(SolutionConfigurationPlatforms) = preSolution
		Debug|Any CPU = Debug|Any CPU
		Release|Any CPU = Release|Any CPU
	EndGlobalSection
	GlobalSection(SolutionProperties) = preSolution
		HideSolutionNode = FALSE
	EndGlobalSection
	GlobalSection(ProjectConfigurationPlatforms) = postSolution
		{D5153F3D-4715-4FAF-AE04-2D56017009AA}.Debug|Any CPU.ActiveCfg = Debug|Any CPU
		{D5153F3D-4715-4FAF-AE04-2D56017009AA}.Debug|Any CPU.Build.0 = Debug|Any CPU
		{D5153F3D-4715-4FAF-AE04-2D56017009AA}.Release|Any CPU.ActiveCfg = Release|Any CPU
		{D5153F3D-4715-4FAF-AE04-2D56017009AA}.Release|Any CPU.Build.0 = Release|Any CPU
	EndGlobalSection
EndGlobal
